// !$*UTF8*$!
{
	archiveVersion = 1;
	classes = {
	};
	objectVersion = 50;
	objects = {

/* Begin PBXBuildFile section */
		29044FD02664580800D044D5 /* AppDelegate.swift in Sources */ = {isa = PBXBuildFile; fileRef = 29044FCF2664580800D044D5 /* AppDelegate.swift */; };
		29044FD22664580800D044D5 /* SceneDelegate.swift in Sources */ = {isa = PBXBuildFile; fileRef = 29044FD12664580800D044D5 /* SceneDelegate.swift */; };
		29044FD42664580800D044D5 /* ViewController.swift in Sources */ = {isa = PBXBuildFile; fileRef = 29044FD32664580800D044D5 /* ViewController.swift */; };
		29044FD72664580800D044D5 /* Main.storyboard in Resources */ = {isa = PBXBuildFile; fileRef = 29044FD52664580800D044D5 /* Main.storyboard */; };
		29044FD92664580F00D044D5 /* Assets.xcassets in Resources */ = {isa = PBXBuildFile; fileRef = 29044FD82664580F00D044D5 /* Assets.xcassets */; };
		29044FDC2664580F00D044D5 /* LaunchScreen.storyboard in Resources */ = {isa = PBXBuildFile; fileRef = 29044FDA2664580F00D044D5 /* LaunchScreen.storyboard */; };
		29044FE42664597600D044D5 /* EpidemicTableViewController.swift in Sources */ = {isa = PBXBuildFile; fileRef = 29044FE32664597600D044D5 /* EpidemicTableViewController.swift */; };
		2904500C26673A8A00D044D5 /* DetailViewController.swift in Sources */ = {isa = PBXBuildFile; fileRef = 2904500B26673A8A00D044D5 /* DetailViewController.swift */; };
/* End PBXBuildFile section */

/* Begin PBXFileReference section */
		29044FCC2664580800D044D5 /* CovidAPI.app */ = {isa = PBXFileReference; explicitFileType = wrapper.application; includeInIndex = 0; path = CovidAPI.app; sourceTree = BUILT_PRODUCTS_DIR; };
		29044FCF2664580800D044D5 /* AppDelegate.swift */ = {isa = PBXFileReference; lastKnownFileType = sourcecode.swift; path = AppDelegate.swift; sourceTree = "<group>"; };
		29044FD12664580800D044D5 /* SceneDelegate.swift */ = {isa = PBXFileReference; lastKnownFileType = sourcecode.swift; path = SceneDelegate.swift; sourceTree = "<group>"; };
		29044FD32664580800D044D5 /* ViewController.swift */ = {isa = PBXFileReference; lastKnownFileType = sourcecode.swift; path = ViewController.swift; sourceTree = "<group>"; };
		29044FD62664580800D044D5 /* Base */ = {isa = PBXFileReference; lastKnownFileType = file.storyboard; name = Base; path = Base.lproj/Main.storyboard; sourceTree = "<group>"; };
		29044FD82664580F00D044D5 /* Assets.xcassets */ = {isa = PBXFileReference; lastKnownFileType = folder.assetcatalog; path = Assets.xcassets; sourceTree = "<group>"; };
		29044FDB2664580F00D044D5 /* Base */ = {isa = PBXFileReference; lastKnownFileType = file.storyboard; name = Base; path = Base.lproj/LaunchScreen.storyboard; sourceTree = "<group>"; };
		29044FDD2664580F00D044D5 /* Info.plist */ = {isa = PBXFileReference; lastKnownFileType = text.plist.xml; path = Info.plist; sourceTree = "<group>"; };
		29044FE32664597600D044D5 /* EpidemicTableViewController.swift */ = {isa = PBXFileReference; lastKnownFileType = sourcecode.swift; path = EpidemicTableViewController.swift; sourceTree = "<group>"; };
		2904500B26673A8A00D044D5 /* DetailViewController.swift */ = {isa = PBXFileReference; lastKnownFileType = sourcecode.swift; path = DetailViewController.swift; sourceTree = "<group>"; };
/* End PBXFileReference section */

/* Begin PBXFrameworksBuildPhase section */
		29044FC92664580800D044D5 /* Frameworks */ = {
			isa = PBXFrameworksBuildPhase;
			buildActionMask = 2147483647;
			files = (
			);
			runOnlyForDeploymentPostprocessing = 0;
		};
/* End PBXFrameworksBuildPhase section */

/* Begin PBXGroup section */
		29044FC32664580800D044D5 = {
			isa = PBXGroup;
			children = (
				29044FCE2664580800D044D5 /* CovidAPI */,
				29044FCD2664580800D044D5 /* Products */,
			);
			sourceTree = "<group>";
		};
		29044FCD2664580800D044D5 /* Products */ = {
			isa = PBXGroup;
			children = (
				29044FCC2664580800D044D5 /* CovidAPI.app */,
			);
			name = Products;
			sourceTree = "<group>";
		};
		29044FCE2664580800D044D5 /* CovidAPI */ = {
			isa = PBXGroup;
			children = (
				29044FCF2664580800D044D5 /* AppDelegate.swift */,
				29044FD12664580800D044D5 /* SceneDelegate.swift */,
				29044FD32664580800D044D5 /* ViewController.swift */,
				29044FE32664597600D044D5 /* EpidemicTableViewController.swift */,
				2904500B26673A8A00D044D5 /* DetailViewController.swift */,
				29044FD52664580800D044D5 /* Main.storyboard */,
				29044FD82664580F00D044D5 /* Assets.xcassets */,
				29044FDA2664580F00D044D5 /* LaunchScreen.storyboard */,
				29044FDD2664580F00D044D5 /* Info.plist */,
			);
			path = CovidAPI;
			sourceTree = "<group>";
		};
/* End PBXGroup section */

/* Begin PBXNativeTarget section */
		29044FCB2664580800D044D5 /* CovidAPI */ = {
			isa = PBXNativeTarget;
			buildConfigurationList = 29044FE02664580F00D044D5 /* Build configuration list for PBXNativeTarget "CovidAPI" */;
			buildPhases = (
				29044FC82664580800D044D5 /* Sources */,
				29044FC92664580800D044D5 /* Frameworks */,
				29044FCA2664580800D044D5 /* Resources */,
			);
			buildRules = (
			);
			dependencies = (
			);
			name = CovidAPI;
			productName = CovidAPI;
			productReference = 29044FCC2664580800D044D5 /* CovidAPI.app */;
			productType = "com.apple.product-type.application";
		};
/* End PBXNativeTarget section */

/* Begin PBXProject section */
		29044FC42664580800D044D5 /* Project object */ = {
			isa = PBXProject;
			attributes = {
				LastSwiftUpdateCheck = 1250;
				LastUpgradeCheck = 1250;
				TargetAttributes = {
					29044FCB2664580800D044D5 = {
						CreatedOnToolsVersion = 12.5;
					};
				};
			};
			buildConfigurationList = 29044FC72664580800D044D5 /* Build configuration list for PBXProject "CovidAPI" */;
			compatibilityVersion = "Xcode 9.3";
			developmentRegion = en;
			hasScannedForEncodings = 0;
			knownRegions = (
				en,
				Base,
			);
			mainGroup = 29044FC32664580800D044D5;
			productRefGroup = 29044FCD2664580800D044D5 /* Products */;
			projectDirPath = "";
			projectRoot = "";
			targets = (
				29044FCB2664580800D044D5 /* CovidAPI */,
			);
		};
/* End PBXProject section */

/* Begin PBXResourcesBuildPhase section */
		29044FCA2664580800D044D5 /* Resources */ = {
			isa = PBXResourcesBuildPhase;
			buildActionMask = 2147483647;
			files = (
				29044FDC2664580F00D044D5 /* LaunchScreen.storyboard in Resources */,
				29044FD92664580F00D044D5 /* Assets.xcassets in Resources */,
				29044FD72664580800D044D5 /* Main.storyboard in Resources */,
			);
			runOnlyForDeploymentPostprocessing = 0;
		};
/* End PBXResourcesBuildPhase section */

/* Begin PBXSourcesBuildPhase section */
		29044FC82664580800D044D5 /* Sources */ = {
			isa = PBXSourcesBuildPhase;
			buildActionMask = 2147483647;
			files = (
				29044FD42664580800D044D5 /* ViewController.swift in Sources */,
				29044FE42664597600D044D5 /* EpidemicTableViewController.swift in Sources */,
				2904500C26673A8A00D044D5 /* DetailViewController.swift in Sources */,
				29044FD02664580800D044D5 /* AppDelegate.swift in Sources */,
				29044FD22664580800D044D5 /* SceneDelegate.swift in Sources */,
			);
			runOnlyForDeploymentPostprocessing = 0;
		};
/* End PBXSourcesBuildPhase section */

/* Begin PBXVariantGroup section */
		29044FD52664580800D044D5 /* Main.storyboard */ = {
			isa = PBXVariantGroup;
			children = (
				29044FD62664580800D044D5 /* Base */,
			);
			name = Main.storyboard;
			sourceTree = "<group>";
		};
		29044FDA2664580F00D044D5 /* LaunchScreen.storyboard */ = {
			isa = PBXVariantGroup;
			children = (
				29044FDB2664580F00D044D5 /* Base */,
			);
			name = LaunchScreen.storyboard;
			sourceTree = "<group>";
		};
/* End PBXVariantGroup section */

/* Begin XCBuildConfiguration section */
		29044FDE2664580F00D044D5 /* Debug */ = {
			isa = XCBuildConfiguration;
			buildSettings = {
				ALWAYS_SEARCH_USER_PATHS = NO;
				CLANG_ANALYZER_NONNULL = YES;
				CLANG_ANALYZER_NUMBER_OBJECT_CONVERSION = YES_AGGRESSIVE;
				CLANG_CXX_LANGUAGE_STANDARD = "gnu++14";
				CLANG_CXX_LIBRARY = "libc++";
				CLANG_ENABLE_MODULES = YES;
				CLANG_ENABLE_OBJC_ARC = YES;
				CLANG_ENABLE_OBJC_WEAK = YES;
				CLANG_WARN_BLOCK_CAPTURE_AUTORELEASING = YES;
				CLANG_WARN_BOOL_CONVERSION = YES;
				CLANG_WARN_COMMA = YES;
				CLANG_WARN_CONSTANT_CONVERSION = YES;
				CLANG_WARN_DEPRECATED_OBJC_IMPLEMENTATIONS = YES;
				CLANG_WARN_DIRECT_OBJC_ISA_USAGE = YES_ERROR;
				CLANG_WARN_DOCUMENTATION_COMMENTS = YES;
				CLANG_WARN_EMPTY_BODY = YES;
				CLANG_WARN_ENUM_CONVERSION = YES;
				CLANG_WARN_INFINITE_RECURSION = YES;
				CLANG_WARN_INT_CONVERSION = YES;
				CLANG_WARN_NON_LITERAL_NULL_CONVERSION = YES;
				CLANG_WARN_OBJC_IMPLICIT_RETAIN_SELF = YES;
				CLANG_WARN_OBJC_LITERAL_CONVERSION = YES;
				CLANG_WARN_OBJC_ROOT_CLASS = YES_ERROR;
				CLANG_WARN_QUOTED_INCLUDE_IN_FRAMEWORK_HEADER = YES;
				CLANG_WARN_RANGE_LOOP_ANALYSIS = YES;
				CLANG_WARN_STRICT_PROTOTYPES = YES;
				CLANG_WARN_SUSPICIOUS_MOVE = YES;
				CLANG_WARN_UNGUARDED_AVAILABILITY = YES_AGGRESSIVE;
				CLANG_WARN_UNREACHABLE_CODE = YES;
				CLANG_WARN__DUPLICATE_METHOD_MATCH = YES;
				COPY_PHASE_STRIP = NO;
				DEBUG_INFORMATION_FORMAT = dwarf;
				ENABLE_STRICT_OBJC_MSGSEND = YES;
				ENABLE_TESTABILITY = YES;
				GCC_C_LANGUAGE_STANDARD = gnu11;
				GCC_DYNAMIC_NO_PIC = NO;
				GCC_NO_COMMON_BLOCKS = YES;
				GCC_OPTIMIZATION_LEVEL = 0;
				GCC_PREPROCESSOR_DEFINITIONS = (
					"DEBUG=1",
					"$(inherited)",
				);
				GCC_WARN_64_TO_32_BIT_CONVERSION = YES;
				GCC_WARN_ABOUT_RETURN_TYPE = YES_ERROR;
				GCC_WARN_UNDECLARED_SELECTOR = YES;
				GCC_WARN_UNINITIALIZED_AUTOS = YES_AGGRESSIVE;
				GCC_WARN_UNUSED_FUNCTION = YES;
				GCC_WARN_UNUSED_VARIABLE = YES;
				IPHONEOS_DEPLOYMENT_TARGET = 14.5;
				MTL_ENABLE_DEBUG_INFO = INCLUDE_SOURCE;
				MTL_FAST_MATH = YES;
				ONLY_ACTIVE_ARCH = YES;
				SDKROOT = iphoneos;
				SWIFT_ACTIVE_COMPILATION_CONDITIONS = DEBUG;
				SWIFT_OPTIMIZATION_LEVEL = "-Onone";
			};
			name = Debug;
		};
		29044FDF2664580F00D044D5 /* Release */ = {
			isa = XCBuildConfiguration;
			buildSettings = {
				ALWAYS_SEARCH_USER_PATHS = NO;
				CLANG_ANALYZER_NONNULL = YES;
				CLANG_ANALYZER_NUMBER_OBJECT_CONVERSION = YES_AGGRESSIVE;
				CLANG_CXX_LANGUAGE_STANDARD = "gnu++14";
				CLANG_CXX_LIBRARY = "libc++";
				CLANG_ENABLE_MODULES = YES;
				CLANG_ENABLE_OBJC_ARC = YES;
				CLANG_ENABLE_OBJC_WEAK = YES;
				CLANG_WARN_BLOCK_CAPTURE_AUTORELEASING = YES;
				CLANG_WARN_BOOL_CONVERSION = YES;
				CLANG_WARN_COMMA = YES;
				CLANG_WARN_CONSTANT_CONVERSION = YES;
				CLANG_WARN_DEPRECATED_OBJC_IMPLEMENTATIONS = YES;
				CLANG_WARN_DIRECT_OBJC_ISA_USAGE = YES_ERROR;
				CLANG_WARN_DOCUMENTATION_COMMENTS = YES;
				CLANG_WARN_EMPTY_BODY = YES;
				CLANG_WARN_ENUM_CONVERSION = YES;
				CLANG_WARN_INFINITE_RECURSION = YES;
				CLANG_WARN_INT_CONVERSION = YES;
				CLANG_WARN_NON_LITERAL_NULL_CONVERSION = YES;
				CLANG_WARN_OBJC_IMPLICIT_RETAIN_SELF = YES;
				CLANG_WARN_OBJC_LITERAL_CONVERSION = YES;
				CLANG_WARN_OBJC_ROOT_CLASS = YES_ERROR;
				CLANG_WARN_QUOTED_INCLUDE_IN_FRAMEWORK_HEADER = YES;
				CLANG_WARN_RANGE_LOOP_ANALYSIS = YES;
				CLANG_WARN_STRICT_PROTOTYPES = YES;
				CLANG_WARN_SUSPICIOUS_MOVE = YES;
				CLANG_WARN_UNGUARDED_AVAILABILITY = YES_AGGRESSIVE;
				CLANG_WARN_UNREACHABLE_CODE = YES;
				CLANG_WARN__DUPLICATE_METHOD_MATCH = YES;
				COPY_PHASE_STRIP = NO;
				DEBUG_INFORMATION_FORMAT = "dwarf-with-dsym";
				ENABLE_NS_ASSERTIONS = NO;
				ENABLE_STRICT_OBJC_MSGSEND = YES;
				GCC_C_LANGUAGE_STANDARD = gnu11;
				GCC_NO_COMMON_BLOCKS = YES;
				GCC_WARN_64_TO_32_BIT_CONVERSION = YES;
				GCC_WARN_ABOUT_RETURN_TYPE = YES_ERROR;
				GCC_WARN_UNDECLARED_SELECTOR = YES;
				GCC_WARN_UNINITIALIZED_AUTOS = YES_AGGRESSIVE;
				GCC_WARN_UNUSED_FUNCTION = YES;
				GCC_WARN_UNUSED_VARIABLE = YES;
				IPHONEOS_DEPLOYMENT_TARGET = 14.5;
				MTL_ENABLE_DEBUG_INFO = NO;
				MTL_FAST_MATH = YES;
				SDKROOT = iphoneos;
				SWIFT_COMPILATION_MODE = wholemodule;
				SWIFT_OPTIMIZATION_LEVEL = "-O";
				VALIDATE_PRODUCT = YES;
			};
			name = Release;
		};
		29044FE12664580F00D044D5 /* Debug */ = {
			isa = XCBuildConfiguration;
			buildSettings = {
				ASSETCATALOG_COMPILER_APPICON_NAME = AppIcon;
				ASSETCATALOG_COMPILER_GLOBAL_ACCENT_COLOR_NAME = AccentColor;
				CODE_SIGN_STYLE = Automatic;
				DEVELOPMENT_TEAM = VWDLUM96X8;
				INFOPLIST_FILE = CovidAPI/Info.plist;
				LD_RUNPATH_SEARCH_PATHS = (
					"$(inherited)",
					"@executable_path/Frameworks",
				);
				PRODUCT_BUNDLE_IDENTIFIER = ClcStudio.CovidAPI;
				PRODUCT_NAME = "$(TARGET_NAME)";
				SWIFT_VERSION = 5.0;
				TARGETED_DEVICE_FAMILY = "1,2";
			};
			name = Debug;
		};
		29044FE22664580F00D044D5 /* Release */ = {
			isa = XCBuildConfiguration;
			buildSettings = {
				ASSETCATALOG_COMPILER_APPICON_NAME = AppIcon;
				ASSETCATALOG_COMPILER_GLOBAL_ACCENT_COLOR_NAME = AccentColor;
				CODE_SIGN_STYLE = Automatic;
				DEVELOPMENT_TEAM = VWDLUM96X8;
				INFOPLIST_FILE = CovidAPI/Info.plist;
				LD_RUNPATH_SEARCH_PATHS = (
					"$(inherited)",
					"@executable_path/Frameworks",
				);
				PRODUCT_BUNDLE_IDENTIFIER = ClcStudio.CovidAPI;
				PRODUCT_NAME = "$(TARGET_NAME)";
				SWIFT_VERSION = 5.0;
				TARGETED_DEVICE_FAMILY = "1,2";
			};
			name = Release;
		};
/* End XCBuildConfiguration section */

/* Begin XCConfigurationList section */
		29044FC72664580800D044D5 /* Build configuration list for PBXProject "CovidAPI" */ = {
			isa = XCConfigurationList;
			buildConfigurations = (
				29044FDE2664580F00D044D5 /* Debug */,
				29044FDF2664580F00D044D5 /* Release */,
			);
			defaultConfigurationIsVisible = 0;
			defaultConfigurationName = Release;
		};
		29044FE02664580F00D044D5 /* Build configuration list for PBXNativeTarget "CovidAPI" */ = {
			isa = XCConfigurationList;
			buildConfigurations = (
				29044FE12664580F00D044D5 /* Debug */,
				29044FE22664580F00D044D5 /* Release */,
			);
			defaultConfigurationIsVisible = 0;
			defaultConfigurationName = Release;
		};
/* End XCConfigurationList section */
	};
	rootObject = 29044FC42664580800D044D5 /* Project object */;
}
