// !$*UTF8*$!
{
	archiveVersion = 1;
	classes = {
	};
	objectVersion = 50;
	objects = {

/* Begin PBXBuildFile section */
		29044FD02664580800D044D5 /* AppDelegate.swift in Sources */ = {isa = PBXBuildFile; fileRef = 29044FCF2664580800D044D5 /* AppDelegate.swift */; };
		29044FD22664580800D044D5 /* SceneDelegate.swift in Sources */ = {isa = PBXBuildFile; fileRef = 29044FD12664580800D044D5 /* SceneDelegate.swift */; };
		29044FD42664580800D044D5 /* ViewController.swift in Sources */ = {isa = PBXBuildFile; fileRef = 29044FD32664580800D044D5 /* ViewController.swift */; };
		29044FD72664580800D044D5 /* Main.storyboard in Resources */ = {isa = PBXBuildFile; fileRef = 29044FD52664580800D044D5 /* Main.storyboard */; };
		29044FD92664580F00D044D5 /* Assets.xcassets in Resources */ = {isa = PBXBuildFile; fileRef = 29044FD82664580F00D044D5 /* Assets.xcassets */; };
		29044FDC2664580F00D044D5 /* LaunchScreen.storyboard in Resources */ = {isa = PBXBuildFile; fileRef = 29044FDA2664580F00D044D5 /* LaunchScreen.storyboard */; };
		29044FE42664597600D044D5 /* EpidemicTableViewController.swift in Sources */ = {isa = PBXBuildFile; fileRef = 29044FE32664597600D044D5 /* EpidemicTableViewController.swift */; };
		2904500C26673A8A00D044D5 /* DetailViewController.swift in Sources */ = {isa = PBXBuildFile; fileRef = 2904500B26673A8A00D044D5 /* DetailViewController.swift */; };
		2904501F26800F0100D044D5 /* MapViewController.swift in Sources */ = {isa = PBXBuildFile; fileRef = 2904502026800F0200D044D5 /* MapViewController.swift */; };
		B200000126800F0100D044D5 /* LocationResolver.swift in Sources */ = {isa = PBXBuildFile; fileRef = B200001126800F0200D044D5 /* LocationResolver.swift */; };
		D100000126800F0100D044D5 /* FavoriteStore.swift in Sources */ = {isa = PBXBuildFile; fileRef = D100001126800F0200D044D5 /* FavoriteStore.swift */; };
		A100000126800F0100D044D5 /* Epidemic.swift in Sources */ = {isa = PBXBuildFile; fileRef = A100001126800F0200D044D5 /* Epidemic.swift */; };
		A100000226800F0100D044D5 /* EpidemicRepository.swift in Sources */ = {isa = PBXBuildFile; fileRef = A100001226800F0200D044D5 /* EpidemicRepository.swift */; };
		A100000326800F0100D044D5 /* EpidemicListViewModel.swift in Sources */ = {isa = PBXBuildFile; fileRef = A100001326800F0200D044D5 /* EpidemicListViewModel.swift */; };
		B100000126800F0100D044D5 /* EpidemicTests.swift in Sources */ = {isa = PBXBuildFile; fileRef = B100001126800F0200D044D5 /* EpidemicTests.swift */; };
		B100000226800F0100D044D5 /* XCTest.framework in Frameworks */ = {isa = PBXBuildFile; fileRef = B100001226800F0200D044D5 /* XCTest.framework */; };
		C100000126800F0100D044D5 /* CovidAPIUITests.swift in Sources */ = {isa = PBXBuildFile; fileRef = C100001126800F0200D044D5 /* CovidAPIUITests.swift */; };
		C100000226800F0100D044D5 /* XCTest.framework in Frameworks */ = {isa = PBXBuildFile; fileRef = B100001226800F0200D044D5 /* XCTest.framework */; };
/* End PBXBuildFile section */

/* Begin PBXContainerItemProxy section */
		B100002526800F0200D044D5 /* PBXContainerItemProxy */ = {
			isa = PBXContainerItemProxy;
			containerPortal = 29044FC42664580800D044D5 /* Project object */;
			proxyType = 1;
			remoteGlobalIDString = 29044FCB2664580800D044D5;
			remoteInfo = CovidAPI;
		};
		C100002526800F0200D044D5 /* PBXContainerItemProxy */ = {
			isa = PBXContainerItemProxy;
			containerPortal = 29044FC42664580800D044D5 /* Project object */;
			proxyType = 1;
			remoteGlobalIDString = 29044FCB2664580800D044D5;
			remoteInfo = CovidAPI;
		};
/* End PBXContainerItemProxy section */

/* Begin PBXFileReference section */
		29044FCC2664580800D044D5 /* CovidAPI.app */ = {isa = PBXFileReference; explicitFileType = wrapper.application; includeInIndex = 0; path = CovidAPI.app; sourceTree = BUILT_PRODUCTS_DIR; };
		29044FCF2664580800D044D5 /* AppDelegate.swift */ = {isa = PBXFileReference; lastKnownFileType = sourcecode.swift; path = AppDelegate.swift; sourceTree = "<group>"; };
		29044FD12664580800D044D5 /* SceneDelegate.swift */ = {isa = PBXFileReference; lastKnownFileType = sourcecode.swift; path = SceneDelegate.swift; sourceTree = "<group>"; };
		29044FD32664580800D044D5 /* ViewController.swift */ = {isa = PBXFileReference; lastKnownFileType = sourcecode.swift; path = ViewController.swift; sourceTree = "<group>"; };
		29044FD62664580800D044D5 /* Base */ = {isa = PBXFileReference; lastKnownFileType = file.storyboard; name = Base; path = Base.lproj/Main.storyboard; sourceTree = "<group>"; };
		29044FD82664580F00D044D5 /* Assets.xcassets */ = {isa = PBXFileReference; lastKnownFileType = folder.assetcatalog; path = Assets.xcassets; sourceTree = "<group>"; };
		29044FDB2664580F00D044D5 /* Base */ = {isa = PBXFileReference; lastKnownFileType = file.storyboard; name = Base; path = Base.lproj/LaunchScreen.storyboard; sourceTree = "<group>"; };
		29044FDD2664580F00D044D5 /* Info.plist */ = {isa = PBXFileReference; lastKnownFileType = text.plist.xml; path = Info.plist; sourceTree = "<group>"; };
		29044FE32664597600D044D5 /* EpidemicTableViewController.swift */ = {isa = PBXFileReference; lastKnownFileType = sourcecode.swift; path = EpidemicTableViewController.swift; sourceTree = "<group>"; };
		2904500B26673A8A00D044D5 /* DetailViewController.swift */ = {isa = PBXFileReference; lastKnownFileType = sourcecode.swift; path = DetailViewController.swift; sourceTree = "<group>"; };
		2904502026800F0200D044D5 /* MapViewController.swift */ = {isa = PBXFileReference; lastKnownFileType = sourcecode.swift; path = MapViewController.swift; sourceTree = "<group>"; };
		B200001126800F0200D044D5 /* LocationResolver.swift */ = {isa = PBXFileReference; lastKnownFileType = sourcecode.swift; path = LocationResolver.swift; sourceTree = "<group>"; };
		D100001126800F0200D044D5 /* FavoriteStore.swift */ = {isa = PBXFileReference; lastKnownFileType = sourcecode.swift; path = FavoriteStore.swift; sourceTree = "<group>"; };
		A100001126800F0200D044D5 /* Epidemic.swift */ = {isa = PBXFileReference; lastKnownFileType = sourcecode.swift; path = Epidemic.swift; sourceTree = "<group>"; };
		A100001226800F0200D044D5 /* EpidemicRepository.swift */ = {isa = PBXFileReference; lastKnownFileType = sourcecode.swift; path = EpidemicRepository.swift; sourceTree = "<group>"; };
		A100001326800F0200D044D5 /* EpidemicListViewModel.swift */ = {isa = PBXFileReference; lastKnownFileType = sourcecode.swift; path = EpidemicListViewModel.swift; sourceTree = "<group>"; };
		A100001426800F0200D044D5 /* Signing.xcconfig */ = {isa = PBXFileReference; lastKnownFileType = text.xcconfig; path = Signing.xcconfig; sourceTree = "<group>"; };
		A100001526800F0200D044D5 /* Signing.local.xcconfig.example */ = {isa = PBXFileReference; lastKnownFileType = text.xcconfig; path = Signing.local.xcconfig.example; sourceTree = "<group>"; };
		B100001126800F0200D044D5 /* EpidemicTests.swift */ = {isa = PBXFileReference; lastKnownFileType = sourcecode.swift; path = EpidemicTests.swift; sourceTree = "<group>"; };
		B100001226800F0200D044D5 /* XCTest.framework */ = {isa = PBXFileReference; lastKnownFileType = wrapper.framework; name = XCTest.framework; path = System/Library/Frameworks/XCTest.framework; sourceTree = SDKROOT; };
		B100001326800F0200D044D5 /* CovidAPITests.xctest */ = {isa = PBXFileReference; explicitFileType = wrapper.cfbundle; includeInIndex = 0; path = CovidAPITests.xctest; sourceTree = BUILT_PRODUCTS_DIR; };
		C100001126800F0200D044D5 /* CovidAPIUITests.swift */ = {isa = PBXFileReference; lastKnownFileType = sourcecode.swift; path = CovidAPIUITests.swift; sourceTree = "<group>"; };
		C100001326800F0200D044D5 /* CovidAPIUITests.xctest */ = {isa = PBXFileReference; explicitFileType = wrapper.cfbundle; includeInIndex = 0; path = CovidAPIUITests.xctest; sourceTree = BUILT_PRODUCTS_DIR; };
/* End PBXFileReference section */

/* Begin PBXFrameworksBuildPhase section */
		29044FC92664580800D044D5 /* Frameworks */ = {
			isa = PBXFrameworksBuildPhase;
			buildActionMask = 2147483647;
			files = (
			);
			runOnlyForDeploymentPostprocessing = 0;
		};
		B100002126800F0200D044D5 /* Frameworks */ = {
			isa = PBXFrameworksBuildPhase;
			buildActionMask = 2147483647;
			files = (
				B100000226800F0100D044D5 /* XCTest.framework in Frameworks */,
			);
			runOnlyForDeploymentPostprocessing = 0;
		};
		C100002126800F0200D044D5 /* Frameworks */ = {
			isa = PBXFrameworksBuildPhase;
			buildActionMask = 2147483647;
			files = (
				C100000226800F0100D044D5 /* XCTest.framework in Frameworks */,
			);
			runOnlyForDeploymentPostprocessing = 0;
		};
/* End PBXFrameworksBuildPhase section */

/* Begin PBXGroup section */
		29044FC32664580800D044D5 = {
			isa = PBXGroup;
			children = (
				29044FCE2664580800D044D5 /* CovidAPI */,
				A100002126800F0200D044D5 /* Config */,
				B100002426800F0200D044D5 /* CovidAPITests */,
				C100002426800F0200D044D5 /* CovidAPIUITests */,
				29044FCD2664580800D044D5 /* Products */,
				915E60BC301C9AC900811ABA /* Recovered References */,
			);
			sourceTree = "<group>";
		};
		29044FCD2664580800D044D5 /* Products */ = {
			isa = PBXGroup;
			children = (
				29044FCC2664580800D044D5 /* CovidAPI.app */,
				B100001326800F0200D044D5 /* CovidAPITests.xctest */,
				C100001326800F0200D044D5 /* CovidAPIUITests.xctest */,
			);
			name = Products;
			sourceTree = "<group>";
		};
		29044FCE2664580800D044D5 /* CovidAPI */ = {
			isa = PBXGroup;
			children = (
				29044FCF2664580800D044D5 /* AppDelegate.swift */,
				29044FD12664580800D044D5 /* SceneDelegate.swift */,
				29044FD32664580800D044D5 /* ViewController.swift */,
				29044FE32664597600D044D5 /* EpidemicTableViewController.swift */,
				2904500B26673A8A00D044D5 /* DetailViewController.swift */,
				2904502026800F0200D044D5 /* MapViewController.swift */,
				B200001126800F0200D044D5 /* LocationResolver.swift */,
				D100001126800F0200D044D5 /* FavoriteStore.swift */,
				A100001126800F0200D044D5 /* Epidemic.swift */,
				A100001226800F0200D044D5 /* EpidemicRepository.swift */,
				A100001326800F0200D044D5 /* EpidemicListViewModel.swift */,
				29044FD52664580800D044D5 /* Main.storyboard */,
				29044FD82664580F00D044D5 /* Assets.xcassets */,
				29044FDA2664580F00D044D5 /* LaunchScreen.storyboard */,
				29044FDD2664580F00D044D5 /* Info.plist */,
			);
			path = CovidAPI;
			sourceTree = "<group>";
		};
		915E60BC301C9AC900811ABA /* Recovered References */ = {
			isa = PBXGroup;
			children = (
				B100001226800F0200D044D5 /* XCTest.framework */,
			);
			name = "Recovered References";
			sourceTree = "<group>";
		};
		A100002126800F0200D044D5 /* Config */ = {
			isa = PBXGroup;
			children = (
				A100001426800F0200D044D5 /* Signing.xcconfig */,
				A100001526800F0200D044D5 /* Signing.local.xcconfig.example */,
			);
			path = Config;
			sourceTree = "<group>";
		};
		B100002426800F0200D044D5 /* CovidAPITests */ = {
			isa = PBXGroup;
			children = (
				B100001126800F0200D044D5 /* EpidemicTests.swift */,
			);
			path = CovidAPITests;
			sourceTree = "<group>";
		};
		C100002426800F0200D044D5 /* CovidAPIUITests */ = {
			isa = PBXGroup;
			children = (
				C100001126800F0200D044D5 /* CovidAPIUITests.swift */,
			);
			path = CovidAPIUITests;
			sourceTree = "<group>";
		};
/* End PBXGroup section */

/* Begin PBXNativeTarget section */
		29044FCB2664580800D044D5 /* CovidAPI */ = {
			isa = PBXNativeTarget;
			buildConfigurationList = 29044FE02664580F00D044D5 /* Build configuration list for PBXNativeTarget "CovidAPI" */;
			buildPhases = (
				29044FC82664580800D044D5 /* Sources */,
				29044FC92664580800D044D5 /* Frameworks */,
				29044FCA2664580800D044D5 /* Resources */,
			);
			buildRules = (
			);
			dependencies = (
			);
			name = CovidAPI;
			productName = CovidAPI;
			productReference = 29044FCC2664580800D044D5 /* CovidAPI.app */;
			productType = "com.apple.product-type.application";
		};
		B100002626800F0200D044D5 /* CovidAPITests */ = {
			isa = PBXNativeTarget;
			buildConfigurationList = B100003126800F0200D044D5 /* Build configuration list for PBXNativeTarget "CovidAPITests" */;
			buildPhases = (
				B100002726800F0200D044D5 /* Sources */,
				B100002126800F0200D044D5 /* Frameworks */,
				B100002826800F0200D044D5 /* Resources */,
			);
			buildRules = (
			);
			dependencies = (
				B100002926800F0200D044D5 /* PBXTargetDependency */,
			);
			name = CovidAPITests;
			productName = CovidAPITests;
			productReference = B100001326800F0200D044D5 /* CovidAPITests.xctest */;
			productType = "com.apple.product-type.bundle.unit-test";
		};
		C100002626800F0200D044D5 /* CovidAPIUITests */ = {
			isa = PBXNativeTarget;
			buildConfigurationList = C100003126800F0200D044D5 /* Build configuration list for PBXNativeTarget "CovidAPIUITests" */;
			buildPhases = (
				C100002726800F0200D044D5 /* Sources */,
				C100002126800F0200D044D5 /* Frameworks */,
				C100002826800F0200D044D5 /* Resources */,
			);
			buildRules = (
			);
			dependencies = (
				C100002926800F0200D044D5 /* PBXTargetDependency */,
			);
			name = CovidAPIUITests;
			productName = CovidAPIUITests;
			productReference = C100001326800F0200D044D5 /* CovidAPIUITests.xctest */;
			productType = "com.apple.product-type.bundle.ui-testing";
		};
/* End PBXNativeTarget section */

/* Begin PBXProject section */
		29044FC42664580800D044D5 /* Project object */ = {
			isa = PBXProject;
			attributes = {
				LastSwiftUpdateCheck = 1250;
				LastUpgradeCheck = 1250;
				TargetAttributes = {
					29044FCB2664580800D044D5 = {
						CreatedOnToolsVersion = 12.5;
					};
					C100002626800F0200D044D5 = {
						CreatedOnToolsVersion = 12.5;
						TestTargetID = 29044FCB2664580800D044D5;
					};
				};
			};
			buildConfigurationList = 29044FC72664580800D044D5 /* Build configuration list for PBXProject "CovidAPI" */;
			compatibilityVersion = "Xcode 9.3";
			developmentRegion = en;
			hasScannedForEncodings = 0;
			knownRegions = (
				en,
				Base,
			);
			mainGroup = 29044FC32664580800D044D5;
			productRefGroup = 29044FCD2664580800D044D5 /* Products */;
			projectDirPath = "";
			projectRoot = "";
			targets = (
				29044FCB2664580800D044D5 /* CovidAPI */,
				B100002626800F0200D044D5 /* CovidAPITests */,
				C100002626800F0200D044D5 /* CovidAPIUITests */,
			);
		};
/* End PBXProject section */

/* Begin PBXResourcesBuildPhase section */
		29044FCA2664580800D044D5 /* Resources */ = {
			isa = PBXResourcesBuildPhase;
			buildActionMask = 2147483647;
			files = (
				29044FDC2664580F00D044D5 /* LaunchScreen.storyboard in Resources */,
				29044FD92664580F00D044D5 /* Assets.xcassets in Resources */,
				29044FD72664580800D044D5 /* Main.storyboard in Resources */,
			);
			runOnlyForDeploymentPostprocessing = 0;
		};
		B100002826800F0200D044D5 /* Resources */ = {
			isa = PBXResourcesBuildPhase;
			buildActionMask = 2147483647;
			files = (
			);
			runOnlyForDeploymentPostprocessing = 0;
		};
		C100002826800F0200D044D5 /* Resources */ = {
			isa = PBXResourcesBuildPhase;
			buildActionMask = 2147483647;
			files = (
			);
			runOnlyForDeploymentPostprocessing = 0;
		};
/* End PBXResourcesBuildPhase section */

/* Begin PBXSourcesBuildPhase section */
		29044FC82664580800D044D5 /* Sources */ = {
			isa = PBXSourcesBuildPhase;
			buildActionMask = 2147483647;
			files = (
				29044FD42664580800D044D5 /* ViewController.swift in Sources */,
				29044FE42664597600D044D5 /* EpidemicTableViewController.swift in Sources */,
				2904500C26673A8A00D044D5 /* DetailViewController.swift in Sources */,
				2904501F26800F0100D044D5 /* MapViewController.swift in Sources */,
				B200000126800F0100D044D5 /* LocationResolver.swift in Sources */,
				D100000126800F0100D044D5 /* FavoriteStore.swift in Sources */,
				A100000126800F0100D044D5 /* Epidemic.swift in Sources */,
				A100000226800F0100D044D5 /* EpidemicRepository.swift in Sources */,
				A100000326800F0100D044D5 /* EpidemicListViewModel.swift in Sources */,
				29044FD02664580800D044D5 /* AppDelegate.swift in Sources */,
				29044FD22664580800D044D5 /* SceneDelegate.swift in Sources */,
			);
			runOnlyForDeploymentPostprocessing = 0;
		};
		B100002726800F0200D044D5 /* Sources */ = {
			isa = PBXSourcesBuildPhase;
			buildActionMask = 2147483647;
			files = (
				B100000126800F0100D044D5 /* EpidemicTests.swift in Sources */,
			);
			runOnlyForDeploymentPostprocessing = 0;
		};
		C100002726800F0200D044D5 /* Sources */ = {
			isa = PBXSourcesBuildPhase;
			buildActionMask = 2147483647;
			files = (
				C100000126800F0100D044D5 /* CovidAPIUITests.swift in Sources */,
			);
			runOnlyForDeploymentPostprocessing = 0;
		};
/* End PBXSourcesBuildPhase section */

/* Begin PBXTargetDependency section */
		B100002926800F0200D044D5 /* PBXTargetDependency */ = {
			isa = PBXTargetDependency;
			target = 29044FCB2664580800D044D5 /* CovidAPI */;
			targetProxy = B100002526800F0200D044D5 /* PBXContainerItemProxy */;
		};
		C100002926800F0200D044D5 /* PBXTargetDependency */ = {
			isa = PBXTargetDependency;
			target = 29044FCB2664580800D044D5 /* CovidAPI */;
			targetProxy = C100002526800F0200D044D5 /* PBXContainerItemProxy */;
		};
/* End PBXTargetDependency section */

/* Begin PBXVariantGroup section */
		29044FD52664580800D044D5 /* Main.storyboard */ = {
			isa = PBXVariantGroup;
			children = (
				29044FD62664580800D044D5 /* Base */,
			);
			name = Main.storyboard;
			sourceTree = "<group>";
		};
		29044FDA2664580F00D044D5 /* LaunchScreen.storyboard */ = {
			isa = PBXVariantGroup;
			children = (
				29044FDB2664580F00D044D5 /* Base */,
			);
			name = LaunchScreen.storyboard;
			sourceTree = "<group>";
		};
/* End PBXVariantGroup section */

/* Begin XCBuildConfiguration section */
		29044FDE2664580F00D044D5 /* Debug */ = {
			isa = XCBuildConfiguration;
			buildSettings = {
				ALWAYS_SEARCH_USER_PATHS = NO;
				CLANG_ANALYZER_NONNULL = YES;
				CLANG_ANALYZER_NUMBER_OBJECT_CONVERSION = YES_AGGRESSIVE;
				CLANG_CXX_LANGUAGE_STANDARD = "gnu++14";
				CLANG_CXX_LIBRARY = "libc++";
				CLANG_ENABLE_MODULES = YES;
				CLANG_ENABLE_OBJC_ARC = YES;
				CLANG_ENABLE_OBJC_WEAK = YES;
				CLANG_WARN_BLOCK_CAPTURE_AUTORELEASING = YES;
				CLANG_WARN_BOOL_CONVERSION = YES;
				CLANG_WARN_COMMA = YES;
				CLANG_WARN_CONSTANT_CONVERSION = YES;
				CLANG_WARN_DEPRECATED_OBJC_IMPLEMENTATIONS = YES;
				CLANG_WARN_DIRECT_OBJC_ISA_USAGE = YES_ERROR;
				CLANG_WARN_DOCUMENTATION_COMMENTS = YES;
				CLANG_WARN_EMPTY_BODY = YES;
				CLANG_WARN_ENUM_CONVERSION = YES;
				CLANG_WARN_INFINITE_RECURSION = YES;
				CLANG_WARN_INT_CONVERSION = YES;
				CLANG_WARN_NON_LITERAL_NULL_CONVERSION = YES;
				CLANG_WARN_OBJC_IMPLICIT_RETAIN_SELF = YES;
				CLANG_WARN_OBJC_LITERAL_CONVERSION = YES;
				CLANG_WARN_OBJC_ROOT_CLASS = YES_ERROR;
				CLANG_WARN_QUOTED_INCLUDE_IN_FRAMEWORK_HEADER = YES;
				CLANG_WARN_RANGE_LOOP_ANALYSIS = YES;
				CLANG_WARN_STRICT_PROTOTYPES = YES;
				CLANG_WARN_SUSPICIOUS_MOVE = YES;
				CLANG_WARN_UNGUARDED_AVAILABILITY = YES_AGGRESSIVE;
				CLANG_WARN_UNREACHABLE_CODE = YES;
				CLANG_WARN__DUPLICATE_METHOD_MATCH = YES;
				COPY_PHASE_STRIP = NO;
				DEBUG_INFORMATION_FORMAT = dwarf;
				ENABLE_STRICT_OBJC_MSGSEND = YES;
				ENABLE_TESTABILITY = YES;
				GCC_C_LANGUAGE_STANDARD = gnu11;
				GCC_DYNAMIC_NO_PIC = NO;
				GCC_NO_COMMON_BLOCKS = YES;
				GCC_OPTIMIZATION_LEVEL = 0;
				GCC_PREPROCESSOR_DEFINITIONS = (
					"DEBUG=1",
					"$(inherited)",
				);
				GCC_WARN_64_TO_32_BIT_CONVERSION = YES;
				GCC_WARN_ABOUT_RETURN_TYPE = YES_ERROR;
				GCC_WARN_UNDECLARED_SELECTOR = YES;
				GCC_WARN_UNINITIALIZED_AUTOS = YES_AGGRESSIVE;
				GCC_WARN_UNUSED_FUNCTION = YES;
				GCC_WARN_UNUSED_VARIABLE = YES;
				IPHONEOS_DEPLOYMENT_TARGET = 14.5;
				MTL_ENABLE_DEBUG_INFO = INCLUDE_SOURCE;
				MTL_FAST_MATH = YES;
				ONLY_ACTIVE_ARCH = YES;
				SDKROOT = iphoneos;
				SWIFT_ACTIVE_COMPILATION_CONDITIONS = DEBUG;
				SWIFT_OPTIMIZATION_LEVEL = "-Onone";
			};
			name = Debug;
		};
		29044FDF2664580F00D044D5 /* Release */ = {
			isa = XCBuildConfiguration;
			buildSettings = {
				ALWAYS_SEARCH_USER_PATHS = NO;
				CLANG_ANALYZER_NONNULL = YES;
				CLANG_ANALYZER_NUMBER_OBJECT_CONVERSION = YES_AGGRESSIVE;
				CLANG_CXX_LANGUAGE_STANDARD = "gnu++14";
				CLANG_CXX_LIBRARY = "libc++";
				CLANG_ENABLE_MODULES = YES;
				CLANG_ENABLE_OBJC_ARC = YES;
				CLANG_ENABLE_OBJC_WEAK = YES;
				CLANG_WARN_BLOCK_CAPTURE_AUTORELEASING = YES;
				CLANG_WARN_BOOL_CONVERSION = YES;
				CLANG_WARN_COMMA = YES;
				CLANG_WARN_CONSTANT_CONVERSION = YES;
				CLANG_WARN_DEPRECATED_OBJC_IMPLEMENTATIONS = YES;
				CLANG_WARN_DIRECT_OBJC_ISA_USAGE = YES_ERROR;
				CLANG_WARN_DOCUMENTATION_COMMENTS = YES;
				CLANG_WARN_EMPTY_BODY = YES;
				CLANG_WARN_ENUM_CONVERSION = YES;
				CLANG_WARN_INFINITE_RECURSION = YES;
				CLANG_WARN_INT_CONVERSION = YES;
				CLANG_WARN_NON_LITERAL_NULL_CONVERSION = YES;
				CLANG_WARN_OBJC_IMPLICIT_RETAIN_SELF = YES;
				CLANG_WARN_OBJC_LITERAL_CONVERSION = YES;
				CLANG_WARN_OBJC_ROOT_CLASS = YES_ERROR;
				CLANG_WARN_QUOTED_INCLUDE_IN_FRAMEWORK_HEADER = YES;
				CLANG_WARN_RANGE_LOOP_ANALYSIS = YES;
				CLANG_WARN_STRICT_PROTOTYPES = YES;
				CLANG_WARN_SUSPICIOUS_MOVE = YES;
				CLANG_WARN_UNGUARDED_AVAILABILITY = YES_AGGRESSIVE;
				CLANG_WARN_UNREACHABLE_CODE = YES;
				CLANG_WARN__DUPLICATE_METHOD_MATCH = YES;
				COPY_PHASE_STRIP = NO;
				DEBUG_INFORMATION_FORMAT = "dwarf-with-dsym";
				ENABLE_NS_ASSERTIONS = NO;
				ENABLE_STRICT_OBJC_MSGSEND = YES;
				GCC_C_LANGUAGE_STANDARD = gnu11;
				GCC_NO_COMMON_BLOCKS = YES;
				GCC_WARN_64_TO_32_BIT_CONVERSION = YES;
				GCC_WARN_ABOUT_RETURN_TYPE = YES_ERROR;
				GCC_WARN_UNDECLARED_SELECTOR = YES;
				GCC_WARN_UNINITIALIZED_AUTOS = YES_AGGRESSIVE;
				GCC_WARN_UNUSED_FUNCTION = YES;
				GCC_WARN_UNUSED_VARIABLE = YES;
				IPHONEOS_DEPLOYMENT_TARGET = 14.5;
				MTL_ENABLE_DEBUG_INFO = NO;
				MTL_FAST_MATH = YES;
				SDKROOT = iphoneos;
				SWIFT_COMPILATION_MODE = wholemodule;
				SWIFT_OPTIMIZATION_LEVEL = "-O";
				VALIDATE_PRODUCT = YES;
			};
			name = Release;
		};
		29044FE12664580F00D044D5 /* Debug */ = {
			isa = XCBuildConfiguration;
			baseConfigurationReference = A100001426800F0200D044D5 /* Signing.xcconfig */;
			buildSettings = {
				ASSETCATALOG_COMPILER_APPICON_NAME = AppIcon;
				ASSETCATALOG_COMPILER_GLOBAL_ACCENT_COLOR_NAME = AccentColor;
				CODE_SIGN_STYLE = Automatic;
				INFOPLIST_FILE = CovidAPI/Info.plist;
				LD_RUNPATH_SEARCH_PATHS = (
					"$(inherited)",
					"@executable_path/Frameworks",
				);
				PRODUCT_BUNDLE_IDENTIFIER = com.example.CovidAPI;
				PRODUCT_NAME = "$(TARGET_NAME)";
				SWIFT_VERSION = 5.0;
				TARGETED_DEVICE_FAMILY = "1,2";
			};
			name = Debug;
		};
		29044FE22664580F00D044D5 /* Release */ = {
			isa = XCBuildConfiguration;
			baseConfigurationReference = A100001426800F0200D044D5 /* Signing.xcconfig */;
			buildSettings = {
				ASSETCATALOG_COMPILER_APPICON_NAME = AppIcon;
				ASSETCATALOG_COMPILER_GLOBAL_ACCENT_COLOR_NAME = AccentColor;
				CODE_SIGN_STYLE = Automatic;
				INFOPLIST_FILE = CovidAPI/Info.plist;
				LD_RUNPATH_SEARCH_PATHS = (
					"$(inherited)",
					"@executable_path/Frameworks",
				);
				PRODUCT_BUNDLE_IDENTIFIER = com.example.CovidAPI;
				PRODUCT_NAME = "$(TARGET_NAME)";
				SWIFT_VERSION = 5.0;
				TARGETED_DEVICE_FAMILY = "1,2";
			};
			name = Release;
		};
		B100003226800F0200D044D5 /* Debug */ = {
			isa = XCBuildConfiguration;
			buildSettings = {
				BUNDLE_LOADER = "$(TEST_HOST)";
				CODE_SIGN_STYLE = Automatic;
				GENERATE_INFOPLIST_FILE = YES;
				IPHONEOS_DEPLOYMENT_TARGET = 14.5;
				LD_RUNPATH_SEARCH_PATHS = (
					"$(inherited)",
					"@executable_path/Frameworks",
					"@loader_path/Frameworks",
				);
				PRODUCT_BUNDLE_IDENTIFIER = ClcStudio.CovidAPITests;
				PRODUCT_NAME = "$(TARGET_NAME)";
				SWIFT_VERSION = 5.0;
				TARGETED_DEVICE_FAMILY = "1,2";
				TEST_HOST = "$(BUILT_PRODUCTS_DIR)/CovidAPI.app/CovidAPI";
			};
			name = Debug;
		};
		B100003326800F0200D044D5 /* Release */ = {
			isa = XCBuildConfiguration;
			buildSettings = {
				BUNDLE_LOADER = "$(TEST_HOST)";
				CODE_SIGN_STYLE = Automatic;
				GENERATE_INFOPLIST_FILE = YES;
				IPHONEOS_DEPLOYMENT_TARGET = 14.5;
				LD_RUNPATH_SEARCH_PATHS = (
					"$(inherited)",
					"@executable_path/Frameworks",
					"@loader_path/Frameworks",
				);
				PRODUCT_BUNDLE_IDENTIFIER = ClcStudio.CovidAPITests;
				PRODUCT_NAME = "$(TARGET_NAME)";
				SWIFT_VERSION = 5.0;
				TARGETED_DEVICE_FAMILY = "1,2";
				TEST_HOST = "$(BUILT_PRODUCTS_DIR)/CovidAPI.app/CovidAPI";
			};
			name = Release;
		};
		C100003226800F0200D044D5 /* Debug */ = {
			isa = XCBuildConfiguration;
			buildSettings = {
				CODE_SIGN_STYLE = Automatic;
				GENERATE_INFOPLIST_FILE = YES;
				IPHONEOS_DEPLOYMENT_TARGET = 14.5;
				PRODUCT_BUNDLE_IDENTIFIER = ClcStudio.CovidAPIUITests;
				PRODUCT_NAME = "$(TARGET_NAME)";
				SWIFT_VERSION = 5.0;
				TARGETED_DEVICE_FAMILY = "1,2";
				TEST_TARGET_NAME = CovidAPI;
			};
			name = Debug;
		};
		C100003326800F0200D044D5 /* Release */ = {
			isa = XCBuildConfiguration;
			buildSettings = {
				CODE_SIGN_STYLE = Automatic;
				GENERATE_INFOPLIST_FILE = YES;
				IPHONEOS_DEPLOYMENT_TARGET = 14.5;
				PRODUCT_BUNDLE_IDENTIFIER = ClcStudio.CovidAPIUITests;
				PRODUCT_NAME = "$(TARGET_NAME)";
				SWIFT_VERSION = 5.0;
				TARGETED_DEVICE_FAMILY = "1,2";
				TEST_TARGET_NAME = CovidAPI;
			};
			name = Release;
		};
/* End XCBuildConfiguration section */

/* Begin XCConfigurationList section */
		29044FC72664580800D044D5 /* Build configuration list for PBXProject "CovidAPI" */ = {
			isa = XCConfigurationList;
			buildConfigurations = (
				29044FDE2664580F00D044D5 /* Debug */,
				29044FDF2664580F00D044D5 /* Release */,
			);
			defaultConfigurationIsVisible = 0;
			defaultConfigurationName = Release;
		};
		29044FE02664580F00D044D5 /* Build configuration list for PBXNativeTarget "CovidAPI" */ = {
			isa = XCConfigurationList;
			buildConfigurations = (
				29044FE12664580F00D044D5 /* Debug */,
				29044FE22664580F00D044D5 /* Release */,
			);
			defaultConfigurationIsVisible = 0;
			defaultConfigurationName = Release;
		};
		B100003126800F0200D044D5 /* Build configuration list for PBXNativeTarget "CovidAPITests" */ = {
			isa = XCConfigurationList;
			buildConfigurations = (
				B100003226800F0200D044D5 /* Debug */,
				B100003326800F0200D044D5 /* Release */,
			);
			defaultConfigurationIsVisible = 0;
			defaultConfigurationName = Release;
		};
		C100003126800F0200D044D5 /* Build configuration list for PBXNativeTarget "CovidAPIUITests" */ = {
			isa = XCConfigurationList;
			buildConfigurations = (
				C100003226800F0200D044D5 /* Debug */,
				C100003326800F0200D044D5 /* Release */,
			);
			defaultConfigurationIsVisible = 0;
			defaultConfigurationName = Release;
		};
/* End XCConfigurationList section */
	};
	rootObject = 29044FC42664580800D044D5 /* Project object */;
}
